
Microsoft Visual Studio Solution File, Format Version 12.00
# Visual Studio Version 16
VisualStudioVersion = 16.0.31624.102
MinimumVisualStudioVersion = 10.0.40219.1
Project("{FAE04EC0-301F-11D3-BF4B-00C04F79EFBC}") = "Servidor", "Servidor.csproj", "{5F690614-8657-45C9-B658-033960D7295E}"
EndProject
Global
	GlobalSection(SolutionConfigurationPlatforms) = preSolution
		Debug|Any CPU = Debug|Any CPU
		Release|Any CPU = Release|Any CPU
	EndGlobalSection
	GlobalSection(ProjectConfigurationPlatforms) = postSolution
		{5F690614-8657-45C9-B658-033960D7295E}.Debug|Any CPU.ActiveCfg = Debug|Any CPU
		{5F690614-8657-45C9-B658-033960D7295E}.Debug|Any CPU.Build.0 = Debug|Any CPU
		{5F690614-8657-45C9-B658-033960D7295E}.Release|Any CPU.ActiveCfg = Release|Any CPU
		{5F690614-8657-45C9-B658-033960D7295E}.Release|Any CPU.Build.0 = Release|Any CPU
	EndGlobalSection
	GlobalSection(SolutionProperties) = preSolution
		HideSolutionNode = FALSE
	EndGlobalSection
	GlobalSection(ExtensibilityGlobals) = postSolution
		SolutionGuid = {A2F68596-8F4E-4441-81D1-8FE2D89394A8}
	EndGlobalSection
EndGlobal
